# THIS IS AN AUTOGENERATED FILE. DO NOT EDIT THIS FILE DIRECTLY.
# yarn lockfile v1


prettier@latest:
  version "2.8.4"
  resolved "https://registry.yarnpkg.com/prettier/-/prettier-2.8.4.tgz#34dd2595629bfbb79d344ac4a91ff948694463c3"
  integrity sha512-vIS4Rlc2FNh0BySk3Wkd6xmwxB0FpOndW5fisM5H8hsZSxU2VWVB5CWIkIjWvrHjIhxk2g3bfMKM87zNTrZddw==

turbo-darwin-64@1.8.2:
  version "1.8.2"
  resolved "https://registry.yarnpkg.com/turbo-darwin-64/-/turbo-darwin-64-1.8.2.tgz#14c52e97d128c63fd3c7b2f15963123f02b9aa0e"
  integrity sha512-j77U0uOeppENexFsIvvzExADSqMBEeCHnm+6LSNQfaajHSrbUVSTsuD6ZMYHamT6bslc+ZZm21jdecWkwZFBbw==

turbo-darwin-arm64@1.8.2:
  version "1.8.2"
  resolved "https://registry.yarnpkg.com/turbo-darwin-arm64/-/turbo-darwin-arm64-1.8.2.tgz#ae5efdb89cbdd667feacd3fe8e9c8110691a4d95"
  integrity sha512-1NoAvjlwt2wycsAFJouauy9epn9DptSMy6BoGqxJVc4jiibsLepp9qYc4f1/ln0zjd3FR1IvhGOiBfdpqMN7hg==

turbo-linux-64@1.8.2:
  version "1.8.2"
  resolved "https://registry.yarnpkg.com/turbo-linux-64/-/turbo-linux-64-1.8.2.tgz#02442a48104db83c1e53409c85744fdeacbded56"
  integrity sha512-TcT3CRYnBYA46kLGGbGC2jDyCEAvMgVpUdpIZGTmod48EKpZaEfVgTkpa4GJde8W68yRFogPZjPVL3yJHFpXSA==

turbo-linux-arm64@1.8.2:
  version "1.8.2"
  resolved "https://registry.yarnpkg.com/turbo-linux-arm64/-/turbo-linux-arm64-1.8.2.tgz#890ad0691671cb252e756dcd56295895f61d369a"
  integrity sha512-Mb9+KBy4YJzPMZ6WGoMzMVZ6EtueCSvOvgmNpVFgkwbtabfBuaBOvN+irtg4RRSWvJQTDTziLABieocEEXZImQ==

turbo-windows-64@1.8.2:
  version "1.8.2"
  resolved "https://registry.yarnpkg.com/turbo-windows-64/-/turbo-windows-64-1.8.2.tgz#a57b902cdccdb69d1efa18772bee9e277e079583"
  integrity sha512-/+R5ikRrw2w2w38JtNPubGLIQHgUC70m783DI9aPgaM5c8P5D/Y0k6HgjuC/uXgiaz2h3R7p7YWlr+2/E0bqyA==

turbo-windows-arm64@1.8.2:
  version "1.8.2"
  resolved "https://registry.yarnpkg.com/turbo-windows-arm64/-/turbo-windows-arm64-1.8.2.tgz#0f976a2c6b8a46447fc277d5a9f7d8615792bdde"
  integrity sha512-s07viz5nXSx4kyiksuPM4FGLRkoaGMaw0BpwFjdRQsl1p+WclUN1IPdokVPKOmFpu5pNCVYlG/raP/mXAEzDCg==

turbo@latest:
  version "1.8.2"
  resolved "https://registry.yarnpkg.com/turbo/-/turbo-1.8.2.tgz#869e674a524cde4f449ae4458f4651818e2ffe00"
  integrity sha512-G/uJx6bZK5RwTWHsRN/MP0MvXFznmCaL3MQXdSf+OG/q0o8GE7+yivyyWEplWI1Asc8AEN909A/wlIkoz2FKTg==
  optionalDependencies:
    turbo-darwin-64 "1.8.2"
    turbo-darwin-arm64 "1.8.2"
    turbo-linux-64 "1.8.2"
    turbo-linux-arm64 "1.8.2"
    turbo-windows-64 "1.8.2"
    turbo-windows-arm64 "1.8.2"
